// !$*UTF8*$!
{
	archiveVersion = 1;
	classes = {
	};
	objectVersion = 50;
	objects = {

/* Begin PBXBuildFile section */
		9420B4A024010C01001E04F7 /* AppDelegate.swift in Sources */ = {isa = PBXBuildFile; fileRef = 9420B49F24010C01001E04F7 /* AppDelegate.swift */; };
		9420B4A224010C01001E04F7 /* SceneDelegate.swift in Sources */ = {isa = PBXBuildFile; fileRef = 9420B4A124010C01001E04F7 /* SceneDelegate.swift */; };
		9420B4A424010C01001E04F7 /* ViewController.swift in Sources */ = {isa = PBXBuildFile; fileRef = 9420B4A324010C01001E04F7 /* ViewController.swift */; };
		9420B4A724010C01001E04F7 /* Main.storyboard in Resources */ = {isa = PBXBuildFile; fileRef = 9420B4A524010C01001E04F7 /* Main.storyboard */; };
		9420B4AA24010C01001E04F7 /* FlickrDemo.xcdatamodeld in Sources */ = {isa = PBXBuildFile; fileRef = 9420B4A824010C01001E04F7 /* FlickrDemo.xcdatamodeld */; };
		9420B4AC24010C04001E04F7 /* Assets.xcassets in Resources */ = {isa = PBXBuildFile; fileRef = 9420B4AB24010C04001E04F7 /* Assets.xcassets */; };
		9420B4AF24010C04001E04F7 /* LaunchScreen.storyboard in Resources */ = {isa = PBXBuildFile; fileRef = 9420B4AD24010C04001E04F7 /* LaunchScreen.storyboard */; };
		9420B4BA24010C04001E04F7 /* FlickrDemoTests.swift in Sources */ = {isa = PBXBuildFile; fileRef = 9420B4B924010C04001E04F7 /* FlickrDemoTests.swift */; };
		9420B4C524010C04001E04F7 /* FlickrDemoUITests.swift in Sources */ = {isa = PBXBuildFile; fileRef = 9420B4C424010C04001E04F7 /* FlickrDemoUITests.swift */; };
		9420B4D32401436B001E04F7 /* ResultVC.swift in Sources */ = {isa = PBXBuildFile; fileRef = 9420B4D22401436B001E04F7 /* ResultVC.swift */; };
		9420B4D524014386001E04F7 /* SearchVC.swift in Sources */ = {isa = PBXBuildFile; fileRef = 9420B4D424014386001E04F7 /* SearchVC.swift */; };
		9420B4D7240174E5001E04F7 /* FlickrCollectionViewCell.swift in Sources */ = {isa = PBXBuildFile; fileRef = 9420B4D6240174E5001E04F7 /* FlickrCollectionViewCell.swift */; };
/* End PBXBuildFile section */

/* Begin PBXContainerItemProxy section */
		9420B4B624010C04001E04F7 /* PBXContainerItemProxy */ = {
			isa = PBXContainerItemProxy;
			containerPortal = 9420B49424010C01001E04F7 /* Project object */;
			proxyType = 1;
			remoteGlobalIDString = 9420B49B24010C01001E04F7;
			remoteInfo = FlickrDemo;
		};
		9420B4C124010C04001E04F7 /* PBXContainerItemProxy */ = {
			isa = PBXContainerItemProxy;
			containerPortal = 9420B49424010C01001E04F7 /* Project object */;
			proxyType = 1;
			remoteGlobalIDString = 9420B49B24010C01001E04F7;
			remoteInfo = FlickrDemo;
		};
/* End PBXContainerItemProxy section */

/* Begin PBXFileReference section */
		9420B49C24010C01001E04F7 /* FlickrDemo.app */ = {isa = PBXFileReference; explicitFileType = wrapper.application; includeInIndex = 0; path = FlickrDemo.app; sourceTree = BUILT_PRODUCTS_DIR; };
		9420B49F24010C01001E04F7 /* AppDelegate.swift */ = {isa = PBXFileReference; lastKnownFileType = sourcecode.swift; path = AppDelegate.swift; sourceTree = "<group>"; };
		9420B4A124010C01001E04F7 /* SceneDelegate.swift */ = {isa = PBXFileReference; lastKnownFileType = sourcecode.swift; path = SceneDelegate.swift; sourceTree = "<group>"; };
		9420B4A324010C01001E04F7 /* ViewController.swift */ = {isa = PBXFileReference; lastKnownFileType = sourcecode.swift; path = ViewController.swift; sourceTree = "<group>"; };
		9420B4A624010C01001E04F7 /* Base */ = {isa = PBXFileReference; lastKnownFileType = file.storyboard; name = Base; path = Base.lproj/Main.storyboard; sourceTree = "<group>"; };
		9420B4A924010C01001E04F7 /* FlickrDemo.xcdatamodel */ = {isa = PBXFileReference; lastKnownFileType = wrapper.xcdatamodel; path = FlickrDemo.xcdatamodel; sourceTree = "<group>"; };
		9420B4AB24010C04001E04F7 /* Assets.xcassets */ = {isa = PBXFileReference; lastKnownFileType = folder.assetcatalog; path = Assets.xcassets; sourceTree = "<group>"; };
		9420B4AE24010C04001E04F7 /* Base */ = {isa = PBXFileReference; lastKnownFileType = file.storyboard; name = Base; path = Base.lproj/LaunchScreen.storyboard; sourceTree = "<group>"; };
		9420B4B024010C04001E04F7 /* Info.plist */ = {isa = PBXFileReference; lastKnownFileType = text.plist.xml; path = Info.plist; sourceTree = "<group>"; };
		9420B4B524010C04001E04F7 /* FlickrDemoTests.xctest */ = {isa = PBXFileReference; explicitFileType = wrapper.cfbundle; includeInIndex = 0; path = FlickrDemoTests.xctest; sourceTree = BUILT_PRODUCTS_DIR; };
		9420B4B924010C04001E04F7 /* FlickrDemoTests.swift */ = {isa = PBXFileReference; lastKnownFileType = sourcecode.swift; path = FlickrDemoTests.swift; sourceTree = "<group>"; };
		9420B4BB24010C04001E04F7 /* Info.plist */ = {isa = PBXFileReference; lastKnownFileType = text.plist.xml; path = Info.plist; sourceTree = "<group>"; };
		9420B4C024010C04001E04F7 /* FlickrDemoUITests.xctest */ = {isa = PBXFileReference; explicitFileType = wrapper.cfbundle; includeInIndex = 0; path = FlickrDemoUITests.xctest; sourceTree = BUILT_PRODUCTS_DIR; };
		9420B4C424010C04001E04F7 /* FlickrDemoUITests.swift */ = {isa = PBXFileReference; lastKnownFileType = sourcecode.swift; path = FlickrDemoUITests.swift; sourceTree = "<group>"; };
		9420B4C624010C04001E04F7 /* Info.plist */ = {isa = PBXFileReference; lastKnownFileType = text.plist.xml; path = Info.plist; sourceTree = "<group>"; };
		9420B4D22401436B001E04F7 /* ResultVC.swift */ = {isa = PBXFileReference; lastKnownFileType = sourcecode.swift; path = ResultVC.swift; sourceTree = "<group>"; };
		9420B4D424014386001E04F7 /* SearchVC.swift */ = {isa = PBXFileReference; lastKnownFileType = sourcecode.swift; path = SearchVC.swift; sourceTree = "<group>"; };
		9420B4D6240174E5001E04F7 /* FlickrCollectionViewCell.swift */ = {isa = PBXFileReference; lastKnownFileType = sourcecode.swift; path = FlickrCollectionViewCell.swift; sourceTree = "<group>"; };
/* End PBXFileReference section */

/* Begin PBXFrameworksBuildPhase section */
		9420B49924010C01001E04F7 /* Frameworks */ = {
			isa = PBXFrameworksBuildPhase;
			buildActionMask = 2147483647;
			files = (
			);
			runOnlyForDeploymentPostprocessing = 0;
		};
		9420B4B224010C04001E04F7 /* Frameworks */ = {
			isa = PBXFrameworksBuildPhase;
			buildActionMask = 2147483647;
			files = (
			);
			runOnlyForDeploymentPostprocessing = 0;
		};
		9420B4BD24010C04001E04F7 /* Frameworks */ = {
			isa = PBXFrameworksBuildPhase;
			buildActionMask = 2147483647;
			files = (
			);
			runOnlyForDeploymentPostprocessing = 0;
		};
/* End PBXFrameworksBuildPhase section */

/* Begin PBXGroup section */
		9420B49324010C01001E04F7 = {
			isa = PBXGroup;
			children = (
				9420B49E24010C01001E04F7 /* FlickrDemo */,
				9420B4B824010C04001E04F7 /* FlickrDemoTests */,
				9420B4C324010C04001E04F7 /* FlickrDemoUITests */,
				9420B49D24010C01001E04F7 /* Products */,
			);
			sourceTree = "<group>";
		};
		9420B49D24010C01001E04F7 /* Products */ = {
			isa = PBXGroup;
			children = (
				9420B49C24010C01001E04F7 /* FlickrDemo.app */,
				9420B4B524010C04001E04F7 /* FlickrDemoTests.xctest */,
				9420B4C024010C04001E04F7 /* FlickrDemoUITests.xctest */,
			);
			name = Products;
			sourceTree = "<group>";
		};
		9420B49E24010C01001E04F7 /* FlickrDemo */ = {
			isa = PBXGroup;
			children = (
				9420B49F24010C01001E04F7 /* AppDelegate.swift */,
				9420B4A124010C01001E04F7 /* SceneDelegate.swift */,
				9420B4A324010C01001E04F7 /* ViewController.swift */,
				9420B4D424014386001E04F7 /* SearchVC.swift */,
				9420B4D22401436B001E04F7 /* ResultVC.swift */,
				9420B4D6240174E5001E04F7 /* FlickrCollectionViewCell.swift */,
				9420B4A524010C01001E04F7 /* Main.storyboard */,
				9420B4AB24010C04001E04F7 /* Assets.xcassets */,
				9420B4AD24010C04001E04F7 /* LaunchScreen.storyboard */,
				9420B4B024010C04001E04F7 /* Info.plist */,
				9420B4A824010C01001E04F7 /* FlickrDemo.xcdatamodeld */,
			);
			path = FlickrDemo;
			sourceTree = "<group>";
		};
		9420B4B824010C04001E04F7 /* FlickrDemoTests */ = {
			isa = PBXGroup;
			children = (
				9420B4B924010C04001E04F7 /* FlickrDemoTests.swift */,
				9420B4BB24010C04001E04F7 /* Info.plist */,
			);
			path = FlickrDemoTests;
			sourceTree = "<group>";
		};
		9420B4C324010C04001E04F7 /* FlickrDemoUITests */ = {
			isa = PBXGroup;
			children = (
				9420B4C424010C04001E04F7 /* FlickrDemoUITests.swift */,
				9420B4C624010C04001E04F7 /* Info.plist */,
			);
			path = FlickrDemoUITests;
			sourceTree = "<group>";
		};
/* End PBXGroup section */

/* Begin PBXNativeTarget section */
		9420B49B24010C01001E04F7 /* FlickrDemo */ = {
			isa = PBXNativeTarget;
			buildConfigurationList = 9420B4C924010C04001E04F7 /* Build configuration list for PBXNativeTarget "FlickrDemo" */;
			buildPhases = (
				9420B49824010C01001E04F7 /* Sources */,
				9420B49924010C01001E04F7 /* Frameworks */,
				9420B49A24010C01001E04F7 /* Resources */,
			);
			buildRules = (
			);
			dependencies = (
			);
			name = FlickrDemo;
			productName = FlickrDemo;
			productReference = 9420B49C24010C01001E04F7 /* FlickrDemo.app */;
			productType = "com.apple.product-type.application";
		};
		9420B4B424010C04001E04F7 /* FlickrDemoTests */ = {
			isa = PBXNativeTarget;
			buildConfigurationList = 9420B4CC24010C04001E04F7 /* Build configuration list for PBXNativeTarget "FlickrDemoTests" */;
			buildPhases = (
				9420B4B124010C04001E04F7 /* Sources */,
				9420B4B224010C04001E04F7 /* Frameworks */,
				9420B4B324010C04001E04F7 /* Resources */,
			);
			buildRules = (
			);
			dependencies = (
				9420B4B724010C04001E04F7 /* PBXTargetDependency */,
			);
			name = FlickrDemoTests;
			productName = FlickrDemoTests;
			productReference = 9420B4B524010C04001E04F7 /* FlickrDemoTests.xctest */;
			productType = "com.apple.product-type.bundle.unit-test";
		};
		9420B4BF24010C04001E04F7 /* FlickrDemoUITests */ = {
			isa = PBXNativeTarget;
			buildConfigurationList = 9420B4CF24010C04001E04F7 /* Build configuration list for PBXNativeTarget "FlickrDemoUITests" */;
			buildPhases = (
				9420B4BC24010C04001E04F7 /* Sources */,
				9420B4BD24010C04001E04F7 /* Frameworks */,
				9420B4BE24010C04001E04F7 /* Resources */,
			);
			buildRules = (
			);
			dependencies = (
				9420B4C224010C04001E04F7 /* PBXTargetDependency */,
			);
			name = FlickrDemoUITests;
			productName = FlickrDemoUITests;
			productReference = 9420B4C024010C04001E04F7 /* FlickrDemoUITests.xctest */;
			productType = "com.apple.product-type.bundle.ui-testing";
		};
/* End PBXNativeTarget section */

/* Begin PBXProject section */
		9420B49424010C01001E04F7 /* Project object */ = {
			isa = PBXProject;
			attributes = {
				LastSwiftUpdateCheck = 1130;
				LastUpgradeCheck = 1130;
				ORGANIZATIONNAME = Nier;
				TargetAttributes = {
					9420B49B24010C01001E04F7 = {
						CreatedOnToolsVersion = 11.3.1;
					};
					9420B4B424010C04001E04F7 = {
						CreatedOnToolsVersion = 11.3.1;
						TestTargetID = 9420B49B24010C01001E04F7;
					};
					9420B4BF24010C04001E04F7 = {
						CreatedOnToolsVersion = 11.3.1;
						TestTargetID = 9420B49B24010C01001E04F7;
					};
				};
			};
			buildConfigurationList = 9420B49724010C01001E04F7 /* Build configuration list for PBXProject "FlickrDemo" */;
			compatibilityVersion = "Xcode 9.3";
			developmentRegion = en;
			hasScannedForEncodings = 0;
			knownRegions = (
				en,
				Base,
			);
			mainGroup = 9420B49324010C01001E04F7;
			productRefGroup = 9420B49D24010C01001E04F7 /* Products */;
			projectDirPath = "";
			projectRoot = "";
			targets = (
				9420B49B24010C01001E04F7 /* FlickrDemo */,
				9420B4B424010C04001E04F7 /* FlickrDemoTests */,
				9420B4BF24010C04001E04F7 /* FlickrDemoUITests */,
			);
		};
/* End PBXProject section */

/* Begin PBXResourcesBuildPhase section */
		9420B49A24010C01001E04F7 /* Resources */ = {
			isa = PBXResourcesBuildPhase;
			buildActionMask = 2147483647;
			files = (
				9420B4AF24010C04001E04F7 /* LaunchScreen.storyboard in Resources */,
				9420B4AC24010C04001E04F7 /* Assets.xcassets in Resources */,
				9420B4A724010C01001E04F7 /* Main.storyboard in Resources */,
			);
			runOnlyForDeploymentPostprocessing = 0;
		};
		9420B4B324010C04001E04F7 /* Resources */ = {
			isa = PBXResourcesBuildPhase;
			buildActionMask = 2147483647;
			files = (
			);
			runOnlyForDeploymentPostprocessing = 0;
		};
		9420B4BE24010C04001E04F7 /* Resources */ = {
			isa = PBXResourcesBuildPhase;
			buildActionMask = 2147483647;
			files = (
			);
			runOnlyForDeploymentPostprocessing = 0;
		};
/* End PBXResourcesBuildPhase section */

/* Begin PBXSourcesBuildPhase section */
		9420B49824010C01001E04F7 /* Sources */ = {
			isa = PBXSourcesBuildPhase;
			buildActionMask = 2147483647;
			files = (
				9420B4D524014386001E04F7 /* SearchVC.swift in Sources */,
				9420B4D7240174E5001E04F7 /* FlickrCollectionViewCell.swift in Sources */,
				9420B4D32401436B001E04F7 /* ResultVC.swift in Sources */,
				9420B4A424010C01001E04F7 /* ViewController.swift in Sources */,
				9420B4A024010C01001E04F7 /* AppDelegate.swift in Sources */,
				9420B4A224010C01001E04F7 /* SceneDelegate.swift in Sources */,
				9420B4AA24010C01001E04F7 /* FlickrDemo.xcdatamodeld in Sources */,
			);
			runOnlyForDeploymentPostprocessing = 0;
		};
		9420B4B124010C04001E04F7 /* Sources */ = {
			isa = PBXSourcesBuildPhase;
			buildActionMask = 2147483647;
			files = (
				9420B4BA24010C04001E04F7 /* FlickrDemoTests.swift in Sources */,
			);
			runOnlyForDeploymentPostprocessing = 0;
		};
		9420B4BC24010C04001E04F7 /* Sources */ = {
			isa = PBXSourcesBuildPhase;
			buildActionMask = 2147483647;
			files = (
				9420B4C524010C04001E04F7 /* FlickrDemoUITests.swift in Sources */,
			);
			runOnlyForDeploymentPostprocessing = 0;
		};
/* End PBXSourcesBuildPhase section */

/* Begin PBXTargetDependency section */
		9420B4B724010C04001E04F7 /* PBXTargetDependency */ = {
			isa = PBXTargetDependency;
			target = 9420B49B24010C01001E04F7 /* FlickrDemo */;
			targetProxy = 9420B4B624010C04001E04F7 /* PBXContainerItemProxy */;
		};
		9420B4C224010C04001E04F7 /* PBXTargetDependency */ = {
			isa = PBXTargetDependency;
			target = 9420B49B24010C01001E04F7 /* FlickrDemo */;
			targetProxy = 9420B4C124010C04001E04F7 /* PBXContainerItemProxy */;
		};
/* End PBXTargetDependency section */

/* Begin PBXVariantGroup section */
		9420B4A524010C01001E04F7 /* Main.storyboard */ = {
			isa = PBXVariantGroup;
			children = (
				9420B4A624010C01001E04F7 /* Base */,
			);
			name = Main.storyboard;
			sourceTree = "<group>";
		};
		9420B4AD24010C04001E04F7 /* LaunchScreen.storyboard */ = {
			isa = PBXVariantGroup;
			children = (
				9420B4AE24010C04001E04F7 /* Base */,
			);
			name = LaunchScreen.storyboard;
			sourceTree = "<group>";
		};
/* End PBXVariantGroup section */

/* Begin XCBuildConfiguration section */
		9420B4C724010C04001E04F7 /* Debug */ = {
			isa = XCBuildConfiguration;
			buildSettings = {
				ALWAYS_SEARCH_USER_PATHS = NO;
				CLANG_ANALYZER_NONNULL = YES;
				CLANG_ANALYZER_NUMBER_OBJECT_CONVERSION = YES_AGGRESSIVE;
				CLANG_CXX_LANGUAGE_STANDARD = "gnu++14";
				CLANG_CXX_LIBRARY = "libc++";
				CLANG_ENABLE_MODULES = YES;
				CLANG_ENABLE_OBJC_ARC = YES;
				CLANG_ENABLE_OBJC_WEAK = YES;
				CLANG_WARN_BLOCK_CAPTURE_AUTORELEASING = YES;
				CLANG_WARN_BOOL_CONVERSION = YES;
				CLANG_WARN_COMMA = YES;
				CLANG_WARN_CONSTANT_CONVERSION = YES;
				CLANG_WARN_DEPRECATED_OBJC_IMPLEMENTATIONS = YES;
				CLANG_WARN_DIRECT_OBJC_ISA_USAGE = YES_ERROR;
				CLANG_WARN_DOCUMENTATION_COMMENTS = YES;
				CLANG_WARN_EMPTY_BODY = YES;
				CLANG_WARN_ENUM_CONVERSION = YES;
				CLANG_WARN_INFINITE_RECURSION = YES;
				CLANG_WARN_INT_CONVERSION = YES;
				CLANG_WARN_NON_LITERAL_NULL_CONVERSION = YES;
				CLANG_WARN_OBJC_IMPLICIT_RETAIN_SELF = YES;
				CLANG_WARN_OBJC_LITERAL_CONVERSION = YES;
				CLANG_WARN_OBJC_ROOT_CLASS = YES_ERROR;
				CLANG_WARN_RANGE_LOOP_ANALYSIS = YES;
				CLANG_WARN_STRICT_PROTOTYPES = YES;
				CLANG_WARN_SUSPICIOUS_MOVE = YES;
				CLANG_WARN_UNGUARDED_AVAILABILITY = YES_AGGRESSIVE;
				CLANG_WARN_UNREACHABLE_CODE = YES;
				CLANG_WARN__DUPLICATE_METHOD_MATCH = YES;
				COPY_PHASE_STRIP = NO;
				DEBUG_INFORMATION_FORMAT = dwarf;
				ENABLE_STRICT_OBJC_MSGSEND = YES;
				ENABLE_TESTABILITY = YES;
				GCC_C_LANGUAGE_STANDARD = gnu11;
				GCC_DYNAMIC_NO_PIC = NO;
				GCC_NO_COMMON_BLOCKS = YES;
				GCC_OPTIMIZATION_LEVEL = 0;
				GCC_PREPROCESSOR_DEFINITIONS = (
					"DEBUG=1",
					"$(inherited)",
				);
				GCC_WARN_64_TO_32_BIT_CONVERSION = YES;
				GCC_WARN_ABOUT_RETURN_TYPE = YES_ERROR;
				GCC_WARN_UNDECLARED_SELECTOR = YES;
				GCC_WARN_UNINITIALIZED_AUTOS = YES_AGGRESSIVE;
				GCC_WARN_UNUSED_FUNCTION = YES;
				GCC_WARN_UNUSED_VARIABLE = YES;
				IPHONEOS_DEPLOYMENT_TARGET = 13.2;
				MTL_ENABLE_DEBUG_INFO = INCLUDE_SOURCE;
				MTL_FAST_MATH = YES;
				ONLY_ACTIVE_ARCH = YES;
				SDKROOT = iphoneos;
				SWIFT_ACTIVE_COMPILATION_CONDITIONS = DEBUG;
				SWIFT_OPTIMIZATION_LEVEL = "-Onone";
			};
			name = Debug;
		};
		9420B4C824010C04001E04F7 /* Release */ = {
			isa = XCBuildConfiguration;
			buildSettings = {
				ALWAYS_SEARCH_USER_PATHS = NO;
				CLANG_ANALYZER_NONNULL = YES;
				CLANG_ANALYZER_NUMBER_OBJECT_CONVERSION = YES_AGGRESSIVE;
				CLANG_CXX_LANGUAGE_STANDARD = "gnu++14";
				CLANG_CXX_LIBRARY = "libc++";
				CLANG_ENABLE_MODULES = YES;
				CLANG_ENABLE_OBJC_ARC = YES;
				CLANG_ENABLE_OBJC_WEAK = YES;
				CLANG_WARN_BLOCK_CAPTURE_AUTORELEASING = YES;
				CLANG_WARN_BOOL_CONVERSION = YES;
				CLANG_WARN_COMMA = YES;
				CLANG_WARN_CONSTANT_CONVERSION = YES;
				CLANG_WARN_DEPRECATED_OBJC_IMPLEMENTATIONS = YES;
				CLANG_WARN_DIRECT_OBJC_ISA_USAGE = YES_ERROR;
				CLANG_WARN_DOCUMENTATION_COMMENTS = YES;
				CLANG_WARN_EMPTY_BODY = YES;
				CLANG_WARN_ENUM_CONVERSION = YES;
				CLANG_WARN_INFINITE_RECURSION = YES;
				CLANG_WARN_INT_CONVERSION = YES;
				CLANG_WARN_NON_LITERAL_NULL_CONVERSION = YES;
				CLANG_WARN_OBJC_IMPLICIT_RETAIN_SELF = YES;
				CLANG_WARN_OBJC_LITERAL_CONVERSION = YES;
				CLANG_WARN_OBJC_ROOT_CLASS = YES_ERROR;
				CLANG_WARN_RANGE_LOOP_ANALYSIS = YES;
				CLANG_WARN_STRICT_PROTOTYPES = YES;
				CLANG_WARN_SUSPICIOUS_MOVE = YES;
				CLANG_WARN_UNGUARDED_AVAILABILITY = YES_AGGRESSIVE;
				CLANG_WARN_UNREACHABLE_CODE = YES;
				CLANG_WARN__DUPLICATE_METHOD_MATCH = YES;
				COPY_PHASE_STRIP = NO;
				DEBUG_INFORMATION_FORMAT = "dwarf-with-dsym";
				ENABLE_NS_ASSERTIONS = NO;
				ENABLE_STRICT_OBJC_MSGSEND = YES;
				GCC_C_LANGUAGE_STANDARD = gnu11;
				GCC_NO_COMMON_BLOCKS = YES;
				GCC_WARN_64_TO_32_BIT_CONVERSION = YES;
				GCC_WARN_ABOUT_RETURN_TYPE = YES_ERROR;
				GCC_WARN_UNDECLARED_SELECTOR = YES;
				GCC_WARN_UNINITIALIZED_AUTOS = YES_AGGRESSIVE;
				GCC_WARN_UNUSED_FUNCTION = YES;
				GCC_WARN_UNUSED_VARIABLE = YES;
				IPHONEOS_DEPLOYMENT_TARGET = 13.2;
				MTL_ENABLE_DEBUG_INFO = NO;
				MTL_FAST_MATH = YES;
				SDKROOT = iphoneos;
				SWIFT_COMPILATION_MODE = wholemodule;
				SWIFT_OPTIMIZATION_LEVEL = "-O";
				VALIDATE_PRODUCT = YES;
			};
			name = Release;
		};
		9420B4CA24010C04001E04F7 /* Debug */ = {
			isa = XCBuildConfiguration;
			buildSettings = {
				ASSETCATALOG_COMPILER_APPICON_NAME = AppIcon;
				CODE_SIGN_STYLE = Automatic;
				DEVELOPMENT_TEAM = "";
				INFOPLIST_FILE = FlickrDemo/Info.plist;
				LD_RUNPATH_SEARCH_PATHS = (
					"$(inherited)",
					"@executable_path/Frameworks",
				);
				PRODUCT_BUNDLE_IDENTIFIER = com.nier.demo.flickr;
				PRODUCT_NAME = "$(TARGET_NAME)";
				SWIFT_VERSION = 5.0;
				TARGETED_DEVICE_FAMILY = "1,2";
			};
			name = Debug;
		};
		9420B4CB24010C04001E04F7 /* Release */ = {
			isa = XCBuildConfiguration;
			buildSettings = {
				ASSETCATALOG_COMPILER_APPICON_NAME = AppIcon;
				CODE_SIGN_STYLE = Automatic;
				DEVELOPMENT_TEAM = "";
				INFOPLIST_FILE = FlickrDemo/Info.plist;
				LD_RUNPATH_SEARCH_PATHS = (
					"$(inherited)",
					"@executable_path/Frameworks",
				);
				PRODUCT_BUNDLE_IDENTIFIER = com.nier.demo.flickr;
				PRODUCT_NAME = "$(TARGET_NAME)";
				SWIFT_VERSION = 5.0;
				TARGETED_DEVICE_FAMILY = "1,2";
			};
			name = Release;
		};
		9420B4CD24010C04001E04F7 /* Debug */ = {
			isa = XCBuildConfiguration;
			buildSettings = {
				ALWAYS_EMBED_SWIFT_STANDARD_LIBRARIES = YES;
				BUNDLE_LOADER = "$(TEST_HOST)";
				CODE_SIGN_STYLE = Automatic;
				INFOPLIST_FILE = FlickrDemoTests/Info.plist;
				IPHONEOS_DEPLOYMENT_TARGET = 13.2;
				LD_RUNPATH_SEARCH_PATHS = (
					"$(inherited)",
					"@executable_path/Frameworks",
					"@loader_path/Frameworks",
				);
				PRODUCT_BUNDLE_IDENTIFIER = com.nier.FlickrDemoTests;
				PRODUCT_NAME = "$(TARGET_NAME)";
				SWIFT_VERSION = 5.0;
				TARGETED_DEVICE_FAMILY = "1,2";
				TEST_HOST = "$(BUILT_PRODUCTS_DIR)/FlickrDemo.app/FlickrDemo";
			};
			name = Debug;
		};
		9420B4CE24010C04001E04F7 /* Release */ = {
			isa = XCBuildConfiguration;
			buildSettings = {
				ALWAYS_EMBED_SWIFT_STANDARD_LIBRARIES = YES;
				BUNDLE_LOADER = "$(TEST_HOST)";
				CODE_SIGN_STYLE = Automatic;
				INFOPLIST_FILE = FlickrDemoTests/Info.plist;
				IPHONEOS_DEPLOYMENT_TARGET = 13.2;
				LD_RUNPATH_SEARCH_PATHS = (
					"$(inherited)",
					"@executable_path/Frameworks",
					"@loader_path/Frameworks",
				);
				PRODUCT_BUNDLE_IDENTIFIER = com.nier.FlickrDemoTests;
				PRODUCT_NAME = "$(TARGET_NAME)";
				SWIFT_VERSION = 5.0;
				TARGETED_DEVICE_FAMILY = "1,2";
				TEST_HOST = "$(BUILT_PRODUCTS_DIR)/FlickrDemo.app/FlickrDemo";
			};
			name = Release;
		};
		9420B4D024010C04001E04F7 /* Debug */ = {
			isa = XCBuildConfiguration;
			buildSettings = {
				ALWAYS_EMBED_SWIFT_STANDARD_LIBRARIES = YES;
				CODE_SIGN_STYLE = Automatic;
				INFOPLIST_FILE = FlickrDemoUITests/Info.plist;
				LD_RUNPATH_SEARCH_PATHS = (
					"$(inherited)",
					"@executable_path/Frameworks",
					"@loader_path/Frameworks",
				);
				PRODUCT_BUNDLE_IDENTIFIER = com.nier.FlickrDemoUITests;
				PRODUCT_NAME = "$(TARGET_NAME)";
				SWIFT_VERSION = 5.0;
				TARGETED_DEVICE_FAMILY = "1,2";
				TEST_TARGET_NAME = FlickrDemo;
			};
			name = Debug;
		};
		9420B4D124010C04001E04F7 /* Release */ = {
			isa = XCBuildConfiguration;
			buildSettings = {
				ALWAYS_EMBED_SWIFT_STANDARD_LIBRARIES = YES;
				CODE_SIGN_STYLE = Automatic;
				INFOPLIST_FILE = FlickrDemoUITests/Info.plist;
				LD_RUNPATH_SEARCH_PATHS = (
					"$(inherited)",
					"@executable_path/Frameworks",
					"@loader_path/Frameworks",
				);
				PRODUCT_BUNDLE_IDENTIFIER = com.nier.FlickrDemoUITests;
				PRODUCT_NAME = "$(TARGET_NAME)";
				SWIFT_VERSION = 5.0;
				TARGETED_DEVICE_FAMILY = "1,2";
				TEST_TARGET_NAME = FlickrDemo;
			};
			name = Release;
		};
/* End XCBuildConfiguration section */

/* Begin XCConfigurationList section */
		9420B49724010C01001E04F7 /* Build configuration list for PBXProject "FlickrDemo" */ = {
			isa = XCConfigurationList;
			buildConfigurations = (
				9420B4C724010C04001E04F7 /* Debug */,
				9420B4C824010C04001E04F7 /* Release */,
			);
			defaultConfigurationIsVisible = 0;
			defaultConfigurationName = Release;
		};
		9420B4C924010C04001E04F7 /* Build configuration list for PBXNativeTarget "FlickrDemo" */ = {
			isa = XCConfigurationList;
			buildConfigurations = (
				9420B4CA24010C04001E04F7 /* Debug */,
				9420B4CB24010C04001E04F7 /* Release */,
			);
			defaultConfigurationIsVisible = 0;
			defaultConfigurationName = Release;
		};
		9420B4CC24010C04001E04F7 /* Build configuration list for PBXNativeTarget "FlickrDemoTests" */ = {
			isa = XCConfigurationList;
			buildConfigurations = (
				9420B4CD24010C04001E04F7 /* Debug */,
				9420B4CE24010C04001E04F7 /* Release */,
			);
			defaultConfigurationIsVisible = 0;
			defaultConfigurationName = Release;
		};
		9420B4CF24010C04001E04F7 /* Build configuration list for PBXNativeTarget "FlickrDemoUITests" */ = {
			isa = XCConfigurationList;
			buildConfigurations = (
				9420B4D024010C04001E04F7 /* Debug */,
				9420B4D124010C04001E04F7 /* Release */,
			);
			defaultConfigurationIsVisible = 0;
			defaultConfigurationName = Release;
		};
/* End XCConfigurationList section */

/* Begin XCVersionGroup section */
		9420B4A824010C01001E04F7 /* FlickrDemo.xcdatamodeld */ = {
			isa = XCVersionGroup;
			children = (
				9420B4A924010C01001E04F7 /* FlickrDemo.xcdatamodel */,
			);
			currentVersion = 9420B4A924010C01001E04F7 /* FlickrDemo.xcdatamodel */;
			path = FlickrDemo.xcdatamodeld;
			sourceTree = "<group>";
			versionGroupType = wrapper.xcdatamodel;
		};
/* End XCVersionGroup section */
	};
	rootObject = 9420B49424010C01001E04F7 /* Project object */;
}
